<?xml version="1.0" encoding="UTF-8"?>
<Scheme
   LastUpgradeVersion = "0810"
   version = "1.3">
   <BuildAction
      parallelizeBuildables = "YES"
      buildImplicitDependencies = "YES">
      <BuildActionEntries>
         <BuildActionEntry
            buildForTesting = "YES"
            buildForRunning = "YES"
            buildForProfiling = "YES"
            buildForArchiving = "YES"
            buildForAnalyzing = "YES">
            <BuildableReference
               BuildableIdentifier = "primary"
               BlueprintIdentifier = "48E0E2F31D2EC7360036F56B"
               BuildableName = "RunningTrackerTests.xctest"
               BlueprintName = "RunningTrackerTests"
               ReferencedContainer = "container:RunningTracker.xcodeproj">
            </BuildableReference>
         </BuildActionEntry>
      </BuildActionEntries>
   </BuildAction>
   <TestAction
      buildConfiguration = "Debug"
      selectedDebuggerIdentifier = "Xcode.DebuggerFoundation.Debugger.LLDB"
      selectedLauncherIdentifier = "Xcode.DebuggerFoundation.Launcher.LLDB"
      shouldUseLaunchSchemeArgsEnv = "YES">
      <Testables>
         <TestableReference
            skipped = "NO">
            <BuildableReference
               BuildableIdentifier = "primary"
               BlueprintIdentifier = "48E0E2F31D2EC7360036F56B"
               BuildableName = "RunningTrackerTests.xctest"
               BlueprintName = "RunningTrackerTests"
               ReferencedContainer = "container:RunningTracker.xcodeproj">
            </BuildableReference>
            <SkippedTests>
               <Test
                  Identifier = "RTActiveMapViewControllerTest">
               </Test>
               <Test
                  Identifier = "RTActiveMapViewModelTest/testDidUpdateLocation()">
               </Test>
               <Test
                  Identifier = "RTActiveMapViewModelTest/testEndActivity()">
               </Test>
               <Test
                  Identifier = "RTActiveMapViewModelTest/testKillLocationService()">
               </Test>
               <Test
                  Identifier = "RTActiveMapViewModelTest/testLocationService()">
               </Test>
               <Test
                  Identifier = "RTActiveMapViewModelTest/testPauseTouched()">
               </Test>
               <Test
                  Identifier = "RTActiveMapViewModelTest/testSetup()">
               </Test>
               <Test
                  Identifier = "RTActiveMapViewModelTest/testTimer()">
               </Test>
               <Test
                  Identifier = "RTActivitiesModelTest">
               </Test>
               <Test
                  Identifier = "RTActivityLocationTest">
               </Test>
               <Test
                  Identifier = "RTActivityTest">
               </Test>
               <Test
                  Identifier = "RTInitialViewControllerTest">
               </Test>
               <Test
                  Identifier = "RTInitialViewModelTest">
               </Test>
               <Test
                  Identifier = "RTInitialViewTest">
               </Test>
               <Test
                  Identifier = "RTLocationServiceTest">
               </Test>
               <Test
                  Identifier = "RunningTrackerTests">
               </Test>
            </SkippedTests>
         </TestableReference>
      </Testables>
      <MacroExpansion>
         <BuildableReference
            BuildableIdentifier = "primary"
            BlueprintIdentifier = "48E0E2F31D2EC7360036F56B"
            BuildableName = "RunningTrackerTests.xctest"
            BlueprintName = "RunningTrackerTests"
            ReferencedContainer = "container:RunningTracker.xcodeproj">
         </BuildableReference>
      </MacroExpansion>
      <AdditionalOptions>
      </AdditionalOptions>
   </TestAction>
   <LaunchAction
      buildConfiguration = "Debug"
      selectedDebuggerIdentifier = "Xcode.DebuggerFoundation.Debugger.LLDB"
      selectedLauncherIdentifier = "Xcode.DebuggerFoundation.Launcher.LLDB"
      launchStyle = "0"
      useCustomWorkingDirectory = "NO"
      ignoresPersistentStateOnLaunch = "NO"
      debugDocumentVersioning = "YES"
      debugServiceExtension = "internal"
      allowLocationSimulation = "YES">
      <MacroExpansion>
         <BuildableReference
            BuildableIdentifier = "primary"
            BlueprintIdentifier = "48E0E2F31D2EC7360036F56B"
            BuildableName = "RunningTrackerTests.xctest"
            BlueprintName = "RunningTrackerTests"
            ReferencedContainer = "container:RunningTracker.xcodeproj">
         </BuildableReference>
      </MacroExpansion>
      <AdditionalOptions>
      </AdditionalOptions>
   </LaunchAction>
   <ProfileAction
      buildConfiguration = "Release"
      shouldUseLaunchSchemeArgsEnv = "YES"
      savedToolIdentifier = ""
      useCustomWorkingDirectory = "NO"
      debugDocumentVersioning = "YES">
      <MacroExpansion>
         <BuildableReference
            BuildableIdentifier = "primary"
            BlueprintIdentifier = "48E0E2F31D2EC7360036F56B"
            BuildableName = "RunningTrackerTests.xctest"
            BlueprintName = "RunningTrackerTests"
            ReferencedContainer = "container:RunningTracker.xcodeproj">
         </BuildableReference>
      </MacroExpansion>
   </ProfileAction>
   <AnalyzeAction
      buildConfiguration = "Debug">
   </AnalyzeAction>
   <ArchiveAction
      buildConfiguration = "Release"
      revealArchiveInOrganizer = "YES">
   </ArchiveAction>
</Scheme>
