<?xml version="1.0" encoding="UTF-8"?>
<Scheme
   version = "1.3">
   <BuildAction>
      <BuildActionEntries>
         <BuildActionEntry
            buildForRunning = "YES"
            buildForTesting = "YES">
            <BuildableReference
               BuildableIdentifier = "primary"
               BlueprintIdentifier = "48E0E2F31D2EC7360036F56B"
               BuildableName = "RunningTrackerTests.xctest"
               BlueprintName = "RunningTrackerTests"
               ReferencedContainer = "container:RunningTracker.xcodeproj">
            </BuildableReference>
         </BuildActionEntry>
      </BuildActionEntries>
   </BuildAction>
   <TestAction
      buildConfiguration = "Debug">
      <Testables>
         <TestableReference>
            <BuildableReference
               BuildableIdentifier = "primary"
               BlueprintIdentifier = "48E0E2F31D2EC7360036F56B"
               BuildableName = "RunningTrackerTests.xctest"
               BlueprintName = "RunningTrackerTests"
               ReferencedContainer = "container:RunningTracker.xcodeproj">
            </BuildableReference>
            <SkippedTests>
               <Test
                  Identifier = "RTActivitiesModelTest/testActivitiesLenght()">
               </Test>
               <Test
                  Identifier = "RTActivitiesModelTest/testAddActivityLocation()">
               </Test>
               <Test
                  Identifier = "RTActivitiesModelTest/testCurrentActivityLocations()">
               </Test>
               <Test
                  Identifier = "RTActivitiesModelTest/testGetActivities()">
               </Test>
               <Test
                  Identifier = "RTActivitiesModelTest/testGetBestPace()">
               </Test>
               <Test
                  Identifier = "RTActivitiesModelTest/testGetDistanceDone()">
               </Test>
               <Test
                  Identifier = "RTActivitiesModelTest/testGetElapsedTime()">
               </Test>
               <Test
                  Identifier = "RTActivitiesModelTest/testGetLongestDistance()">
               </Test>
               <Test
                  Identifier = "RTActivitiesModelTest/testGetPaceLastKM()">
               </Test>
               <Test
                  Identifier = "RTActivitiesModelTest/testLoadActivities()">
               </Test>
               <Test
                  Identifier = "RTActivitiesModelTest/testPauseActivity()">
               </Test>
               <Test
                  Identifier = "RTActivitiesModelTest/testRefreshValues()">
               </Test>
               <Test
                  Identifier = "RTActivitiesModelTest/testResumeActivity()">
               </Test>
               <Test
                  Identifier = "RTActivitiesModelTest/testSaveActivities()">
               </Test>
               <Test
                  Identifier = "RTActivitiesModelTest/testStartActivity()">
               </Test>
               <Test
                  Identifier = "RTActivityLocationTest">
               </Test>
               <Test
                  Identifier = "RTActivityTest">
               </Test>
               <Test
                  Identifier = "RunningTrackerTests">
               </Test>
            </SkippedTests>
         </TestableReference>
      </Testables>
   </TestAction>
   <LaunchAction
      useCustomWorkingDirectory = "NO">
   </LaunchAction>
</Scheme>
