<?xml version="1.0" encoding="UTF-8"?>
<Scheme
   version = "1.3">
   <BuildAction>
      <BuildActionEntries>
         <BuildActionEntry
            buildForRunning = "YES"
            buildForTesting = "YES">
            <BuildableReference
               BuildableIdentifier = "primary"
               BlueprintIdentifier = "48E0E2F31D2EC7360036F56B"
               BuildableName = "RunningTrackerTests.xctest"
               BlueprintName = "RunningTrackerTests"
               ReferencedContainer = "container:RunningTracker.xcodeproj">
            </BuildableReference>
         </BuildActionEntry>
      </BuildActionEntries>
   </BuildAction>
   <TestAction
      buildConfiguration = "Debug">
      <Testables>
         <TestableReference>
            <BuildableReference
               BuildableIdentifier = "primary"
               BlueprintIdentifier = "48E0E2F31D2EC7360036F56B"
               BuildableName = "RunningTrackerTests.xctest"
               BlueprintName = "RunningTrackerTests"
               ReferencedContainer = "container:RunningTracker.xcodeproj">
            </BuildableReference>
            <SkippedTests>
               <Test
                  Identifier = "RTActiveMapViewControllerTest">
               </Test>
               <Test
                  Identifier = "RTActiveMapViewModelTest">
               </Test>
               <Test
                  Identifier = "RTActiveMapViewTest/testBind()">
               </Test>
               <Test
                  Identifier = "RTActiveMapViewTest/testInit()">
               </Test>
               <Test
                  Identifier = "RTActiveMapViewTest/testPauseButton()">
               </Test>
               <Test
                  Identifier = "RTActiveMapViewTest/testSetupModel()">
               </Test>
               <Test
                  Identifier = "RTActiveMapViewTest/testZoomReaction()">
               </Test>
               <Test
                  Identifier = "RTActivitiesModelTest">
               </Test>
               <Test
                  Identifier = "RTActivityLocationTest">
               </Test>
               <Test
                  Identifier = "RTActivityTest">
               </Test>
               <Test
                  Identifier = "RTInitialViewControllerTest">
               </Test>
               <Test
                  Identifier = "RTInitialViewModelTest">
               </Test>
               <Test
                  Identifier = "RTInitialViewTest">
               </Test>
               <Test
                  Identifier = "RTLocationServiceTest">
               </Test>
               <Test
                  Identifier = "RTPathDoneViewControllerTest">
               </Test>
               <Test
                  Identifier = "RTPathDoneViewModelTest">
               </Test>
               <Test
                  Identifier = "RTPathDoneViewTest">
               </Test>
               <Test
                  Identifier = "RunningTrackerTests">
               </Test>
            </SkippedTests>
         </TestableReference>
      </Testables>
   </TestAction>
   <LaunchAction
      useCustomWorkingDirectory = "NO">
   </LaunchAction>
</Scheme>
