// !$*UTF8*$!
{
	archiveVersion = 1;
	classes = {
	};
	objectVersion = 46;
	objects = {

/* Begin PBXBuildFile section */
		45BAF0DE930DFEAD5E238D9E /* RTActivity.swift in Sources */ = {isa = PBXBuildFile; fileRef = 45BAF0CB67C24E3DF1344558 /* RTActivity.swift */; };
		45BAF247BEB2664C5D1A7112 /* RTBackButtonView.swift in Sources */ = {isa = PBXBuildFile; fileRef = 45BAF63474D952FDCB5A7E76 /* RTBackButtonView.swift */; };
		45BAF25DD41B74D53B77D2A5 /* RTActivityTest.swift in Sources */ = {isa = PBXBuildFile; fileRef = 45BAFC31489610B135A32E38 /* RTActivityTest.swift */; };
		45BAF2C2EB8DEBE5CC1BF1F8 /* RTMapMarkersManager.swift in Sources */ = {isa = PBXBuildFile; fileRef = 45BAFA7969CD4F51B9558C45 /* RTMapMarkersManager.swift */; };
		45BAF2C92150C8AE7A10892A /* RTInitialViewController.swift in Sources */ = {isa = PBXBuildFile; fileRef = 45BAF05862AA772DB523305A /* RTInitialViewController.swift */; };
		45BAF3121985B64F8A7CBC3E /* RTStoreActivitiesManagerTest.swift in Sources */ = {isa = PBXBuildFile; fileRef = 45BAFFD865067F8BF0CE76C5 /* RTStoreActivitiesManagerTest.swift */; };
		45BAF35FF38665A31336D7CA /* RTActiveMapViewController.swift in Sources */ = {isa = PBXBuildFile; fileRef = 45BAF9A0DF51888F7D92705D /* RTActiveMapViewController.swift */; };
		45BAF3AA3B5EDB612DB6646C /* RTActivityViewCell.swift in Sources */ = {isa = PBXBuildFile; fileRef = 45BAF26AFB3B64A8299D41E6 /* RTActivityViewCell.swift */; };
		45BAF3F97EBCED19E1E145A3 /* RTGlobalModels.swift in Sources */ = {isa = PBXBuildFile; fileRef = 45BAF71705BB05254A84B302 /* RTGlobalModels.swift */; };
		45BAF5FD1744B99E592A7E06 /* RTActivityHeaderViewCell.swift in Sources */ = {isa = PBXBuildFile; fileRef = 45BAFF68ED584FDC0B44D139 /* RTActivityHeaderViewCell.swift */; };
		45BAF62B7E5F040F28EAEB33 /* RTStoreActivitiesManager.swift in Sources */ = {isa = PBXBuildFile; fileRef = 45BAF70584E78946E836A5AD /* RTStoreActivitiesManager.swift */; };
		45BAF6FD0CBB7477BB11BF56 /* background_ui.png in Resources */ = {isa = PBXBuildFile; fileRef = 48E4C0E71D7583670086AE54 /* background_ui.png */; };
		45BAF798A150E21E22FCA8C0 /* RTNumbersExtensions.swift in Sources */ = {isa = PBXBuildFile; fileRef = 45BAFBF0DE4F01A4E9D9FBDE /* RTNumbersExtensions.swift */; };
		45BAF88F47593901FEED1DE0 /* RTActivityPathDoneViewController.swift in Sources */ = {isa = PBXBuildFile; fileRef = 45BAF73453970E94E1200727 /* RTActivityPathDoneViewController.swift */; };
		45BAF93B4E2030994CF73146 /* CachedDateFormatter.swift in Sources */ = {isa = PBXBuildFile; fileRef = 45BAF53B4EEA07F450845DC5 /* CachedDateFormatter.swift */; };
		45BAF98FED4665549212C685 /* RTActivityLocation.swift in Sources */ = {isa = PBXBuildFile; fileRef = 45BAF7D64C5B42DC4D6CFF92 /* RTActivityLocation.swift */; };
		45BAFA63A080F2D499536142 /* RTActivitiesModel.swift in Sources */ = {isa = PBXBuildFile; fileRef = 45BAF9623FF8D4BDF06E463C /* RTActivitiesModel.swift */; };
		45BAFA89DE5B959EF495628A /* RTDateFormatterExtensions.swift in Sources */ = {isa = PBXBuildFile; fileRef = 45BAF89C5CBD8617A2CACFD8 /* RTDateFormatterExtensions.swift */; };
		45BAFB4954F5FC35FE3BDF03 /* RTUIImageExtensions.swift in Sources */ = {isa = PBXBuildFile; fileRef = 45BAF26DFA84631ED88E908D /* RTUIImageExtensions.swift */; };
		45BAFC1E17D04D6F678D3556 /* RTActivitiesViewController.swift in Sources */ = {isa = PBXBuildFile; fileRef = 45BAF7E2708014ED6B2508B8 /* RTActivitiesViewController.swift */; };
		45BAFDB74A04267B17CF9E29 /* RTActivityLocationTest.swift in Sources */ = {isa = PBXBuildFile; fileRef = 45BAF28DA446F982A3545F62 /* RTActivityLocationTest.swift */; };
		48650E8B1D6DEF36006BE423 /* OpenSans-Bold.ttf in Resources */ = {isa = PBXBuildFile; fileRef = 48650E811D6DEF36006BE423 /* OpenSans-Bold.ttf */; };
		48650E8C1D6DEF36006BE423 /* OpenSans-BoldItalic.ttf in Resources */ = {isa = PBXBuildFile; fileRef = 48650E821D6DEF36006BE423 /* OpenSans-BoldItalic.ttf */; };
		48650E8D1D6DEF36006BE423 /* OpenSans-ExtraBold.ttf in Resources */ = {isa = PBXBuildFile; fileRef = 48650E831D6DEF36006BE423 /* OpenSans-ExtraBold.ttf */; };
		48650E8E1D6DEF36006BE423 /* OpenSans-ExtraBoldItalic.ttf in Resources */ = {isa = PBXBuildFile; fileRef = 48650E841D6DEF36006BE423 /* OpenSans-ExtraBoldItalic.ttf */; };
		48650E8F1D6DEF36006BE423 /* OpenSans-Italic.ttf in Resources */ = {isa = PBXBuildFile; fileRef = 48650E851D6DEF36006BE423 /* OpenSans-Italic.ttf */; };
		48650E901D6DEF36006BE423 /* OpenSans-Light.ttf in Resources */ = {isa = PBXBuildFile; fileRef = 48650E861D6DEF36006BE423 /* OpenSans-Light.ttf */; };
		48650E911D6DEF36006BE423 /* OpenSans-LightItalic.ttf in Resources */ = {isa = PBXBuildFile; fileRef = 48650E871D6DEF36006BE423 /* OpenSans-LightItalic.ttf */; };
		48650E921D6DEF36006BE423 /* OpenSans-Regular.ttf in Resources */ = {isa = PBXBuildFile; fileRef = 48650E881D6DEF36006BE423 /* OpenSans-Regular.ttf */; };
		48650E931D6DEF36006BE423 /* OpenSans-Semibold.ttf in Resources */ = {isa = PBXBuildFile; fileRef = 48650E891D6DEF36006BE423 /* OpenSans-Semibold.ttf */; };
		48650E941D6DEF36006BE423 /* OpenSans-SemiboldItalic.ttf in Resources */ = {isa = PBXBuildFile; fileRef = 48650E8A1D6DEF36006BE423 /* OpenSans-SemiboldItalic.ttf */; };
		48776CDB1D3BAA5100630A64 /* RTActivitiesModelTest.swift in Sources */ = {isa = PBXBuildFile; fileRef = 48776CDA1D3BAA5100630A64 /* RTActivitiesModelTest.swift */; };
		48776CDD1D3D0BF000630A64 /* RTActivityViewCell.xib in Resources */ = {isa = PBXBuildFile; fileRef = 48776CDC1D3D0BF000630A64 /* RTActivityViewCell.xib */; };
		48776CDF1D3D1DDE00630A64 /* RTActivityHeaderViewCell.xib in Resources */ = {isa = PBXBuildFile; fileRef = 48776CDE1D3D1DDE00630A64 /* RTActivityHeaderViewCell.xib */; };
		487BE8661D55F01D00ABC1ED /* CloudKit.framework in Frameworks */ = {isa = PBXBuildFile; fileRef = 487BE8651D55F01D00ABC1ED /* CloudKit.framework */; };
		487BE86B1D6AF37300ABC1ED /* Flag_icon.png in Resources */ = {isa = PBXBuildFile; fileRef = 487BE8691D6AF37300ABC1ED /* Flag_icon.png */; };
		487BE86C1D6AF37300ABC1ED /* Km_icon.png in Resources */ = {isa = PBXBuildFile; fileRef = 487BE86A1D6AF37300ABC1ED /* Km_icon.png */; };
		48E0E2E41D2EC7360036F56B /* AppDelegate.swift in Sources */ = {isa = PBXBuildFile; fileRef = 48E0E2E31D2EC7360036F56B /* AppDelegate.swift */; };
		48E0E2E61D2EC7360036F56B /* ViewController.swift in Sources */ = {isa = PBXBuildFile; fileRef = 48E0E2E51D2EC7360036F56B /* ViewController.swift */; };
		48E0E2E91D2EC7360036F56B /* Main.storyboard in Resources */ = {isa = PBXBuildFile; fileRef = 48E0E2E71D2EC7360036F56B /* Main.storyboard */; };
		48E0E2EB1D2EC7360036F56B /* Assets.xcassets in Resources */ = {isa = PBXBuildFile; fileRef = 48E0E2EA1D2EC7360036F56B /* Assets.xcassets */; };
		48E0E2F91D2EC7360036F56B /* RunningTrackerTests.swift in Sources */ = {isa = PBXBuildFile; fileRef = 48E0E2F81D2EC7360036F56B /* RunningTrackerTests.swift */; };
		48E0E3171D2ECD2B0036F56B /* MyTrackerBlue.png in Resources */ = {isa = PBXBuildFile; fileRef = 48E0E3141D2ECD2B0036F56B /* MyTrackerBlue.png */; };
		48E0E3181D2ECD2B0036F56B /* MyTrackerGray.png in Resources */ = {isa = PBXBuildFile; fileRef = 48E0E3151D2ECD2B0036F56B /* MyTrackerGray.png */; };
		48E0E3191D2ECD2B0036F56B /* MyTrackerRed.png in Resources */ = {isa = PBXBuildFile; fileRef = 48E0E3161D2ECD2B0036F56B /* MyTrackerRed.png */; };
		48E0E31B1D311B390036F56B /* MyTrackerBlueSelected.png in Resources */ = {isa = PBXBuildFile; fileRef = 48E0E31A1D311B390036F56B /* MyTrackerBlueSelected.png */; };
		48E0E31D1D3122B20036F56B /* MyTrackerRedSelected.png in Resources */ = {isa = PBXBuildFile; fileRef = 48E0E31C1D3122B20036F56B /* MyTrackerRedSelected.png */; };
		48E0E3201D313C4E0036F56B /* GPSgreen.png in Resources */ = {isa = PBXBuildFile; fileRef = 48E0E31E1D313C4E0036F56B /* GPSgreen.png */; };
		48E0E3211D313C4E0036F56B /* GPSgrey.png in Resources */ = {isa = PBXBuildFile; fileRef = 48E0E31F1D313C4E0036F56B /* GPSgrey.png */; };
		48E0E3231D313D550036F56B /* GPSblack.png in Resources */ = {isa = PBXBuildFile; fileRef = 48E0E3221D313D550036F56B /* GPSblack.png */; };
		48E4C0F31D7583670086AE54 /* start_button_background.png in Resources */ = {isa = PBXBuildFile; fileRef = 48E4C0E81D7583670086AE54 /* start_button_background.png */; };
		48E4C0F41D7583670086AE54 /* icon_controls_pause.png in Resources */ = {isa = PBXBuildFile; fileRef = 48E4C0E91D7583670086AE54 /* icon_controls_pause.png */; };
		48E4C0F51D7583670086AE54 /* icon_ui_clock.png in Resources */ = {isa = PBXBuildFile; fileRef = 48E4C0EA1D7583670086AE54 /* icon_ui_clock.png */; };
		48E4C0F61D7583670086AE54 /* ui_bg_start_recording.png in Resources */ = {isa = PBXBuildFile; fileRef = 48E4C0EB1D7583670086AE54 /* ui_bg_start_recording.png */; };
		48E4C0F71D7583670086AE54 /* logo.png in Resources */ = {isa = PBXBuildFile; fileRef = 48E4C0EC1D7583670086AE54 /* logo.png */; };
		48E4C0F81D7583670086AE54 /* icon_controls_play.png in Resources */ = {isa = PBXBuildFile; fileRef = 48E4C0ED1D7583670086AE54 /* icon_controls_play.png */; };
		48E4C0F91D7583670086AE54 /* icon_ui_start_recording.png in Resources */ = {isa = PBXBuildFile; fileRef = 48E4C0EE1D7583670086AE54 /* icon_ui_start_recording.png */; };
		48E4C0FA1D7583670086AE54 /* icon_ui_button_back.png in Resources */ = {isa = PBXBuildFile; fileRef = 48E4C0EF1D7583670086AE54 /* icon_ui_button_back.png */; };
		48E4C0FB1D7583670086AE54 /* icon_controls_stop.png in Resources */ = {isa = PBXBuildFile; fileRef = 48E4C0F01D7583670086AE54 /* icon_controls_stop.png */; };
		48E4C0FC1D7583670086AE54 /* isologo.png in Resources */ = {isa = PBXBuildFile; fileRef = 48E4C0F11D7583670086AE54 /* isologo.png */; };
		48FFAFF51D75C4830005906A /* start_button_bg.png in Resources */ = {isa = PBXBuildFile; fileRef = 48FFAFF31D75C4830005906A /* start_button_bg.png */; };
		48FFAFF61D75C4830005906A /* triangle.png in Resources */ = {isa = PBXBuildFile; fileRef = 48FFAFF41D75C4830005906A /* triangle.png */; };
		48FFAFF81D770F770005906A /* empty_button.png in Resources */ = {isa = PBXBuildFile; fileRef = 48FFAFF71D770F760005906A /* empty_button.png */; };
		48FFAFFA1D77111F0005906A /* show_activ_button_bg.png in Resources */ = {isa = PBXBuildFile; fileRef = 48FFAFF91D77111F0005906A /* show_activ_button_bg.png */; };
		48FFAFFC1D789F320005906A /* white_background.png in Resources */ = {isa = PBXBuildFile; fileRef = 48FFAFFB1D789F320005906A /* white_background.png */; };
		48FFAFFF1D78A7EB0005906A /* distance_icon.png in Resources */ = {isa = PBXBuildFile; fileRef = 48FFAFFD1D78A7EB0005906A /* distance_icon.png */; };
		48FFB0001D78A7EB0005906A /* pace_icon.png in Resources */ = {isa = PBXBuildFile; fileRef = 48FFAFFE1D78A7EB0005906A /* pace_icon.png */; };
		48FFB0021D79C46D0005906A /* LaunchScreen2.storyboard in Resources */ = {isa = PBXBuildFile; fileRef = 48FFB0011D79C46D0005906A /* LaunchScreen2.storyboard */; };
		48FFB0041D79E7020005906A /* RTBackButtonView.xib in Resources */ = {isa = PBXBuildFile; fileRef = 48FFB0031D79E7020005906A /* RTBackButtonView.xib */; };
		676DCD32EEE4824ACDD6C224 /* Pods_RunningTracker.framework in Frameworks */ = {isa = PBXBuildFile; fileRef = 3601DCAABE1D4283238AB370 /* Pods_RunningTracker.framework */; };
		B9BE95B7CD5ED6CB8A3FA802 /* Pods_RunningTrackerTests.framework in Frameworks */ = {isa = PBXBuildFile; fileRef = 1315FDBE7333EC72080A4E18 /* Pods_RunningTrackerTests.framework */; };
/* End PBXBuildFile section */

/* Begin PBXContainerItemProxy section */
		48E0E2F51D2EC7360036F56B /* PBXContainerItemProxy */ = {
			isa = PBXContainerItemProxy;
			containerPortal = 48E0E2D81D2EC7360036F56B /* Project object */;
			proxyType = 1;
			remoteGlobalIDString = 48E0E2DF1D2EC7360036F56B;
			remoteInfo = RunningTracker;
		};
/* End PBXContainerItemProxy section */

/* Begin PBXFileReference section */
		1315FDBE7333EC72080A4E18 /* Pods_RunningTrackerTests.framework */ = {isa = PBXFileReference; explicitFileType = wrapper.framework; includeInIndex = 0; path = Pods_RunningTrackerTests.framework; sourceTree = BUILT_PRODUCTS_DIR; };
		189B33394D6AEC0A54BD5BAD /* Pods-RunningTracker.release.xcconfig */ = {isa = PBXFileReference; includeInIndex = 1; lastKnownFileType = text.xcconfig; name = "Pods-RunningTracker.release.xcconfig"; path = "Pods/Target Support Files/Pods-RunningTracker/Pods-RunningTracker.release.xcconfig"; sourceTree = "<group>"; };
		3130775CFE5E16821CEF094A /* Pods-RunningTracker.debug.xcconfig */ = {isa = PBXFileReference; includeInIndex = 1; lastKnownFileType = text.xcconfig; name = "Pods-RunningTracker.debug.xcconfig"; path = "Pods/Target Support Files/Pods-RunningTracker/Pods-RunningTracker.debug.xcconfig"; sourceTree = "<group>"; };
		3601DCAABE1D4283238AB370 /* Pods_RunningTracker.framework */ = {isa = PBXFileReference; explicitFileType = wrapper.framework; includeInIndex = 0; path = Pods_RunningTracker.framework; sourceTree = BUILT_PRODUCTS_DIR; };
		45BAF05862AA772DB523305A /* RTInitialViewController.swift */ = {isa = PBXFileReference; fileEncoding = 4; lastKnownFileType = sourcecode.swift; path = RTInitialViewController.swift; sourceTree = "<group>"; };
		45BAF0CB67C24E3DF1344558 /* RTActivity.swift */ = {isa = PBXFileReference; fileEncoding = 4; lastKnownFileType = sourcecode.swift; path = RTActivity.swift; sourceTree = "<group>"; };
		45BAF26AFB3B64A8299D41E6 /* RTActivityViewCell.swift */ = {isa = PBXFileReference; fileEncoding = 4; lastKnownFileType = sourcecode.swift; path = RTActivityViewCell.swift; sourceTree = "<group>"; };
		45BAF26DFA84631ED88E908D /* RTUIImageExtensions.swift */ = {isa = PBXFileReference; fileEncoding = 4; lastKnownFileType = sourcecode.swift; path = RTUIImageExtensions.swift; sourceTree = "<group>"; };
		45BAF28DA446F982A3545F62 /* RTActivityLocationTest.swift */ = {isa = PBXFileReference; fileEncoding = 4; lastKnownFileType = sourcecode.swift; path = RTActivityLocationTest.swift; sourceTree = "<group>"; };
		45BAF53B4EEA07F450845DC5 /* CachedDateFormatter.swift */ = {isa = PBXFileReference; fileEncoding = 4; lastKnownFileType = sourcecode.swift; path = CachedDateFormatter.swift; sourceTree = "<group>"; };
		45BAF63474D952FDCB5A7E76 /* RTBackButtonView.swift */ = {isa = PBXFileReference; fileEncoding = 4; lastKnownFileType = sourcecode.swift; path = RTBackButtonView.swift; sourceTree = "<group>"; };
		45BAF70584E78946E836A5AD /* RTStoreActivitiesManager.swift */ = {isa = PBXFileReference; fileEncoding = 4; lastKnownFileType = sourcecode.swift; path = RTStoreActivitiesManager.swift; sourceTree = "<group>"; };
		45BAF71705BB05254A84B302 /* RTGlobalModels.swift */ = {isa = PBXFileReference; fileEncoding = 4; lastKnownFileType = sourcecode.swift; path = RTGlobalModels.swift; sourceTree = "<group>"; };
		45BAF73453970E94E1200727 /* RTActivityPathDoneViewController.swift */ = {isa = PBXFileReference; fileEncoding = 4; lastKnownFileType = sourcecode.swift; path = RTActivityPathDoneViewController.swift; sourceTree = "<group>"; };
		45BAF7D64C5B42DC4D6CFF92 /* RTActivityLocation.swift */ = {isa = PBXFileReference; fileEncoding = 4; lastKnownFileType = sourcecode.swift; path = RTActivityLocation.swift; sourceTree = "<group>"; };
		45BAF7E2708014ED6B2508B8 /* RTActivitiesViewController.swift */ = {isa = PBXFileReference; fileEncoding = 4; lastKnownFileType = sourcecode.swift; path = RTActivitiesViewController.swift; sourceTree = "<group>"; };
		45BAF89C5CBD8617A2CACFD8 /* RTDateFormatterExtensions.swift */ = {isa = PBXFileReference; fileEncoding = 4; lastKnownFileType = sourcecode.swift; path = RTDateFormatterExtensions.swift; sourceTree = "<group>"; };
		45BAF9623FF8D4BDF06E463C /* RTActivitiesModel.swift */ = {isa = PBXFileReference; fileEncoding = 4; lastKnownFileType = sourcecode.swift; path = RTActivitiesModel.swift; sourceTree = "<group>"; };
		45BAF9A0DF51888F7D92705D /* RTActiveMapViewController.swift */ = {isa = PBXFileReference; fileEncoding = 4; lastKnownFileType = sourcecode.swift; path = RTActiveMapViewController.swift; sourceTree = "<group>"; };
		45BAFA7969CD4F51B9558C45 /* RTMapMarkersManager.swift */ = {isa = PBXFileReference; fileEncoding = 4; lastKnownFileType = sourcecode.swift; path = RTMapMarkersManager.swift; sourceTree = "<group>"; };
		45BAFBF0DE4F01A4E9D9FBDE /* RTNumbersExtensions.swift */ = {isa = PBXFileReference; fileEncoding = 4; lastKnownFileType = sourcecode.swift; path = RTNumbersExtensions.swift; sourceTree = "<group>"; };
		45BAFC31489610B135A32E38 /* RTActivityTest.swift */ = {isa = PBXFileReference; fileEncoding = 4; lastKnownFileType = sourcecode.swift; path = RTActivityTest.swift; sourceTree = "<group>"; };
		45BAFF68ED584FDC0B44D139 /* RTActivityHeaderViewCell.swift */ = {isa = PBXFileReference; fileEncoding = 4; lastKnownFileType = sourcecode.swift; path = RTActivityHeaderViewCell.swift; sourceTree = "<group>"; };
		45BAFFD865067F8BF0CE76C5 /* RTStoreActivitiesManagerTest.swift */ = {isa = PBXFileReference; fileEncoding = 4; lastKnownFileType = sourcecode.swift; path = RTStoreActivitiesManagerTest.swift; sourceTree = "<group>"; };
		48650E811D6DEF36006BE423 /* OpenSans-Bold.ttf */ = {isa = PBXFileReference; lastKnownFileType = file; path = "OpenSans-Bold.ttf"; sourceTree = "<group>"; };
		48650E821D6DEF36006BE423 /* OpenSans-BoldItalic.ttf */ = {isa = PBXFileReference; lastKnownFileType = file; path = "OpenSans-BoldItalic.ttf"; sourceTree = "<group>"; };
		48650E831D6DEF36006BE423 /* OpenSans-ExtraBold.ttf */ = {isa = PBXFileReference; lastKnownFileType = file; path = "OpenSans-ExtraBold.ttf"; sourceTree = "<group>"; };
		48650E841D6DEF36006BE423 /* OpenSans-ExtraBoldItalic.ttf */ = {isa = PBXFileReference; lastKnownFileType = file; path = "OpenSans-ExtraBoldItalic.ttf"; sourceTree = "<group>"; };
		48650E851D6DEF36006BE423 /* OpenSans-Italic.ttf */ = {isa = PBXFileReference; lastKnownFileType = file; path = "OpenSans-Italic.ttf"; sourceTree = "<group>"; };
		48650E861D6DEF36006BE423 /* OpenSans-Light.ttf */ = {isa = PBXFileReference; lastKnownFileType = file; path = "OpenSans-Light.ttf"; sourceTree = "<group>"; };
		48650E871D6DEF36006BE423 /* OpenSans-LightItalic.ttf */ = {isa = PBXFileReference; lastKnownFileType = file; path = "OpenSans-LightItalic.ttf"; sourceTree = "<group>"; };
		48650E881D6DEF36006BE423 /* OpenSans-Regular.ttf */ = {isa = PBXFileReference; lastKnownFileType = file; path = "OpenSans-Regular.ttf"; sourceTree = "<group>"; };
		48650E891D6DEF36006BE423 /* OpenSans-Semibold.ttf */ = {isa = PBXFileReference; lastKnownFileType = file; path = "OpenSans-Semibold.ttf"; sourceTree = "<group>"; };
		48650E8A1D6DEF36006BE423 /* OpenSans-SemiboldItalic.ttf */ = {isa = PBXFileReference; lastKnownFileType = file; path = "OpenSans-SemiboldItalic.ttf"; sourceTree = "<group>"; };
		48776CDA1D3BAA5100630A64 /* RTActivitiesModelTest.swift */ = {isa = PBXFileReference; fileEncoding = 4; lastKnownFileType = sourcecode.swift; path = RTActivitiesModelTest.swift; sourceTree = "<group>"; };
		48776CDC1D3D0BF000630A64 /* RTActivityViewCell.xib */ = {isa = PBXFileReference; fileEncoding = 4; lastKnownFileType = file.xib; path = RTActivityViewCell.xib; sourceTree = "<group>"; };
		48776CDE1D3D1DDE00630A64 /* RTActivityHeaderViewCell.xib */ = {isa = PBXFileReference; fileEncoding = 4; lastKnownFileType = file.xib; path = RTActivityHeaderViewCell.xib; sourceTree = "<group>"; };
		487BE8651D55F01D00ABC1ED /* CloudKit.framework */ = {isa = PBXFileReference; lastKnownFileType = wrapper.framework; name = CloudKit.framework; path = System/Library/Frameworks/CloudKit.framework; sourceTree = SDKROOT; };
		487BE8681D55F11000ABC1ED /* RunningTracker.entitlements */ = {isa = PBXFileReference; lastKnownFileType = text.xml; path = RunningTracker.entitlements; sourceTree = "<group>"; };
		487BE8691D6AF37300ABC1ED /* Flag_icon.png */ = {isa = PBXFileReference; lastKnownFileType = image.png; path = Flag_icon.png; sourceTree = "<group>"; };
		487BE86A1D6AF37300ABC1ED /* Km_icon.png */ = {isa = PBXFileReference; lastKnownFileType = image.png; path = Km_icon.png; sourceTree = "<group>"; };
		48E0E2E01D2EC7360036F56B /* RunningTracker.app */ = {isa = PBXFileReference; explicitFileType = wrapper.application; includeInIndex = 0; path = RunningTracker.app; sourceTree = BUILT_PRODUCTS_DIR; };
		48E0E2E31D2EC7360036F56B /* AppDelegate.swift */ = {isa = PBXFileReference; lastKnownFileType = sourcecode.swift; path = AppDelegate.swift; sourceTree = "<group>"; };
		48E0E2E51D2EC7360036F56B /* ViewController.swift */ = {isa = PBXFileReference; lastKnownFileType = sourcecode.swift; path = ViewController.swift; sourceTree = "<group>"; };
		48E0E2E81D2EC7360036F56B /* Base */ = {isa = PBXFileReference; lastKnownFileType = file.storyboard; name = Base; path = Base.lproj/Main.storyboard; sourceTree = "<group>"; };
		48E0E2EA1D2EC7360036F56B /* Assets.xcassets */ = {isa = PBXFileReference; lastKnownFileType = folder.assetcatalog; path = Assets.xcassets; sourceTree = "<group>"; };
		48E0E2EF1D2EC7360036F56B /* Info.plist */ = {isa = PBXFileReference; lastKnownFileType = text.plist.xml; path = Info.plist; sourceTree = "<group>"; };
		48E0E2F41D2EC7360036F56B /* RunningTrackerTests.xctest */ = {isa = PBXFileReference; explicitFileType = wrapper.cfbundle; includeInIndex = 0; path = RunningTrackerTests.xctest; sourceTree = BUILT_PRODUCTS_DIR; };
		48E0E2F81D2EC7360036F56B /* RunningTrackerTests.swift */ = {isa = PBXFileReference; lastKnownFileType = sourcecode.swift; path = RunningTrackerTests.swift; sourceTree = "<group>"; };
		48E0E2FA1D2EC7360036F56B /* Info.plist */ = {isa = PBXFileReference; lastKnownFileType = text.plist.xml; path = Info.plist; sourceTree = "<group>"; };
		48E0E3141D2ECD2B0036F56B /* MyTrackerBlue.png */ = {isa = PBXFileReference; lastKnownFileType = image.png; path = MyTrackerBlue.png; sourceTree = "<group>"; };
		48E0E3151D2ECD2B0036F56B /* MyTrackerGray.png */ = {isa = PBXFileReference; lastKnownFileType = image.png; path = MyTrackerGray.png; sourceTree = "<group>"; };
		48E0E3161D2ECD2B0036F56B /* MyTrackerRed.png */ = {isa = PBXFileReference; lastKnownFileType = image.png; path = MyTrackerRed.png; sourceTree = "<group>"; };
		48E0E31A1D311B390036F56B /* MyTrackerBlueSelected.png */ = {isa = PBXFileReference; lastKnownFileType = image.png; path = MyTrackerBlueSelected.png; sourceTree = "<group>"; };
		48E0E31C1D3122B20036F56B /* MyTrackerRedSelected.png */ = {isa = PBXFileReference; lastKnownFileType = image.png; path = MyTrackerRedSelected.png; sourceTree = "<group>"; };
		48E0E31E1D313C4E0036F56B /* GPSgreen.png */ = {isa = PBXFileReference; lastKnownFileType = image.png; path = GPSgreen.png; sourceTree = "<group>"; };
		48E0E31F1D313C4E0036F56B /* GPSgrey.png */ = {isa = PBXFileReference; lastKnownFileType = image.png; path = GPSgrey.png; sourceTree = "<group>"; };
		48E0E3221D313D550036F56B /* GPSblack.png */ = {isa = PBXFileReference; lastKnownFileType = image.png; path = GPSblack.png; sourceTree = "<group>"; };
		48E4C0E71D7583670086AE54 /* background_ui.png */ = {isa = PBXFileReference; lastKnownFileType = image.png; path = background_ui.png; sourceTree = "<group>"; };
		48E4C0E81D7583670086AE54 /* start_button_background.png */ = {isa = PBXFileReference; lastKnownFileType = image.png; path = start_button_background.png; sourceTree = "<group>"; };
		48E4C0E91D7583670086AE54 /* icon_controls_pause.png */ = {isa = PBXFileReference; lastKnownFileType = image.png; path = icon_controls_pause.png; sourceTree = "<group>"; };
		48E4C0EA1D7583670086AE54 /* icon_ui_clock.png */ = {isa = PBXFileReference; lastKnownFileType = image.png; path = icon_ui_clock.png; sourceTree = "<group>"; };
		48E4C0EB1D7583670086AE54 /* ui_bg_start_recording.png */ = {isa = PBXFileReference; lastKnownFileType = image.png; path = ui_bg_start_recording.png; sourceTree = "<group>"; };
		48E4C0EC1D7583670086AE54 /* logo.png */ = {isa = PBXFileReference; lastKnownFileType = image.png; path = logo.png; sourceTree = "<group>"; };
		48E4C0ED1D7583670086AE54 /* icon_controls_play.png */ = {isa = PBXFileReference; lastKnownFileType = image.png; path = icon_controls_play.png; sourceTree = "<group>"; };
		48E4C0EE1D7583670086AE54 /* icon_ui_start_recording.png */ = {isa = PBXFileReference; lastKnownFileType = image.png; path = icon_ui_start_recording.png; sourceTree = "<group>"; };
		48E4C0EF1D7583670086AE54 /* icon_ui_button_back.png */ = {isa = PBXFileReference; lastKnownFileType = image.png; path = icon_ui_button_back.png; sourceTree = "<group>"; };
		48E4C0F01D7583670086AE54 /* icon_controls_stop.png */ = {isa = PBXFileReference; lastKnownFileType = image.png; path = icon_controls_stop.png; sourceTree = "<group>"; };
		48E4C0F11D7583670086AE54 /* isologo.png */ = {isa = PBXFileReference; lastKnownFileType = image.png; path = isologo.png; sourceTree = "<group>"; };
		48FFAFF31D75C4830005906A /* start_button_bg.png */ = {isa = PBXFileReference; lastKnownFileType = image.png; path = start_button_bg.png; sourceTree = "<group>"; };
		48FFAFF41D75C4830005906A /* triangle.png */ = {isa = PBXFileReference; lastKnownFileType = image.png; path = triangle.png; sourceTree = "<group>"; };
		48FFAFF71D770F760005906A /* empty_button.png */ = {isa = PBXFileReference; lastKnownFileType = image.png; path = empty_button.png; sourceTree = "<group>"; };
		48FFAFF91D77111F0005906A /* show_activ_button_bg.png */ = {isa = PBXFileReference; lastKnownFileType = image.png; path = show_activ_button_bg.png; sourceTree = "<group>"; };
		48FFAFFB1D789F320005906A /* white_background.png */ = {isa = PBXFileReference; lastKnownFileType = image.png; path = white_background.png; sourceTree = "<group>"; };
		48FFAFFD1D78A7EB0005906A /* distance_icon.png */ = {isa = PBXFileReference; lastKnownFileType = image.png; path = distance_icon.png; sourceTree = "<group>"; };
		48FFAFFE1D78A7EB0005906A /* pace_icon.png */ = {isa = PBXFileReference; lastKnownFileType = image.png; path = pace_icon.png; sourceTree = "<group>"; };
		48FFB0011D79C46D0005906A /* LaunchScreen2.storyboard */ = {isa = PBXFileReference; fileEncoding = 4; lastKnownFileType = file.storyboard; path = LaunchScreen2.storyboard; sourceTree = "<group>"; };
		48FFB0031D79E7020005906A /* RTBackButtonView.xib */ = {isa = PBXFileReference; fileEncoding = 4; lastKnownFileType = file.xib; path = RTBackButtonView.xib; sourceTree = "<group>"; };
		A086E0DB99F2A930C0AA1253 /* Pods-RunningTrackerTests.debug.xcconfig */ = {isa = PBXFileReference; includeInIndex = 1; lastKnownFileType = text.xcconfig; name = "Pods-RunningTrackerTests.debug.xcconfig"; path = "Pods/Target Support Files/Pods-RunningTrackerTests/Pods-RunningTrackerTests.debug.xcconfig"; sourceTree = "<group>"; };
		D1CB825CE456C4D9EFD8A49A /* Pods-RunningTrackerTests.release.xcconfig */ = {isa = PBXFileReference; includeInIndex = 1; lastKnownFileType = text.xcconfig; name = "Pods-RunningTrackerTests.release.xcconfig"; path = "Pods/Target Support Files/Pods-RunningTrackerTests/Pods-RunningTrackerTests.release.xcconfig"; sourceTree = "<group>"; };
/* End PBXFileReference section */

/* Begin PBXFrameworksBuildPhase section */
		48E0E2DD1D2EC7360036F56B /* Frameworks */ = {
			isa = PBXFrameworksBuildPhase;
			buildActionMask = 2147483647;
			files = (
				676DCD32EEE4824ACDD6C224 /* Pods_RunningTracker.framework in Frameworks */,
				487BE8661D55F01D00ABC1ED /* CloudKit.framework in Frameworks */,
			);
			runOnlyForDeploymentPostprocessing = 0;
		};
		48E0E2F11D2EC7360036F56B /* Frameworks */ = {
			isa = PBXFrameworksBuildPhase;
			buildActionMask = 2147483647;
			files = (
				B9BE95B7CD5ED6CB8A3FA802 /* Pods_RunningTrackerTests.framework in Frameworks */,
			);
			runOnlyForDeploymentPostprocessing = 0;
		};
/* End PBXFrameworksBuildPhase section */

/* Begin PBXGroup section */
		45BAF5FF9E1DC19E42D24E9C /* views */ = {
			isa = PBXGroup;
			children = (
				48776CDC1D3D0BF000630A64 /* RTActivityViewCell.xib */,
				45BAF26AFB3B64A8299D41E6 /* RTActivityViewCell.swift */,
				45BAFF68ED584FDC0B44D139 /* RTActivityHeaderViewCell.swift */,
				48776CDE1D3D1DDE00630A64 /* RTActivityHeaderViewCell.xib */,
				48FFB0031D79E7020005906A /* RTBackButtonView.xib */,
				45BAF63474D952FDCB5A7E76 /* RTBackButtonView.swift */,
			);
			path = views;
			sourceTree = "<group>";
		};
		45BAF66256242D52BA8F83A8 /* models */ = {
			isa = PBXGroup;
			children = (
				45BAF9623FF8D4BDF06E463C /* RTActivitiesModel.swift */,
				45BAF7D64C5B42DC4D6CFF92 /* RTActivityLocation.swift */,
				45BAF0CB67C24E3DF1344558 /* RTActivity.swift */,
				45BAF71705BB05254A84B302 /* RTGlobalModels.swift */,
			);
			path = models;
			sourceTree = "<group>";
		};
		45BAF8A918FC0E09EDE8CA29 /* UI */ = {
			isa = PBXGroup;
			children = (
				48FFAFFD1D78A7EB0005906A /* distance_icon.png */,
				48FFAFFE1D78A7EB0005906A /* pace_icon.png */,
				48FFAFFB1D789F320005906A /* white_background.png */,
				48FFAFF91D77111F0005906A /* show_activ_button_bg.png */,
				48FFAFF71D770F760005906A /* empty_button.png */,
				48FFAFF31D75C4830005906A /* start_button_bg.png */,
				48FFAFF41D75C4830005906A /* triangle.png */,
				48E4C0E71D7583670086AE54 /* background_ui.png */,
				48E4C0E81D7583670086AE54 /* start_button_background.png */,
				48E4C0E91D7583670086AE54 /* icon_controls_pause.png */,
				48E4C0EA1D7583670086AE54 /* icon_ui_clock.png */,
				48E4C0EB1D7583670086AE54 /* ui_bg_start_recording.png */,
				48E4C0EC1D7583670086AE54 /* logo.png */,
				48E4C0ED1D7583670086AE54 /* icon_controls_play.png */,
				48E4C0EE1D7583670086AE54 /* icon_ui_start_recording.png */,
				48E4C0EF1D7583670086AE54 /* icon_ui_button_back.png */,
				48E4C0F01D7583670086AE54 /* icon_controls_stop.png */,
				48E4C0F11D7583670086AE54 /* isologo.png */,
				48650E811D6DEF36006BE423 /* OpenSans-Bold.ttf */,
				48650E821D6DEF36006BE423 /* OpenSans-BoldItalic.ttf */,
				48650E831D6DEF36006BE423 /* OpenSans-ExtraBold.ttf */,
				48650E841D6DEF36006BE423 /* OpenSans-ExtraBoldItalic.ttf */,
				48650E851D6DEF36006BE423 /* OpenSans-Italic.ttf */,
				48650E861D6DEF36006BE423 /* OpenSans-Light.ttf */,
				48650E871D6DEF36006BE423 /* OpenSans-LightItalic.ttf */,
				48650E881D6DEF36006BE423 /* OpenSans-Regular.ttf */,
				48650E891D6DEF36006BE423 /* OpenSans-Semibold.ttf */,
				48650E8A1D6DEF36006BE423 /* OpenSans-SemiboldItalic.ttf */,
				487BE8691D6AF37300ABC1ED /* Flag_icon.png */,
				487BE86A1D6AF37300ABC1ED /* Km_icon.png */,
				48E0E3221D313D550036F56B /* GPSblack.png */,
				48E0E31E1D313C4E0036F56B /* GPSgreen.png */,
				48E0E31F1D313C4E0036F56B /* GPSgrey.png */,
				48E0E31C1D3122B20036F56B /* MyTrackerRedSelected.png */,
				48E0E31A1D311B390036F56B /* MyTrackerBlueSelected.png */,
				48E0E3141D2ECD2B0036F56B /* MyTrackerBlue.png */,
				48E0E3151D2ECD2B0036F56B /* MyTrackerGray.png */,
				48E0E3161D2ECD2B0036F56B /* MyTrackerRed.png */,
			);
			path = UI;
			sourceTree = "<group>";
		};
		45BAFA37A848EFBEC1405556 /* utils */ = {
			isa = PBXGroup;
			children = (
				45BAFBF0DE4F01A4E9D9FBDE /* RTNumbersExtensions.swift */,
				45BAF89C5CBD8617A2CACFD8 /* RTDateFormatterExtensions.swift */,
				45BAF53B4EEA07F450845DC5 /* CachedDateFormatter.swift */,
				45BAF26DFA84631ED88E908D /* RTUIImageExtensions.swift */,
			);
			path = utils;
			sourceTree = "<group>";
		};
		45BAFD006F4F33F9B8250D1E /* controllers */ = {
			isa = PBXGroup;
			children = (
				45BAF05862AA772DB523305A /* RTInitialViewController.swift */,
				45BAF9A0DF51888F7D92705D /* RTActiveMapViewController.swift */,
				45BAF7E2708014ED6B2508B8 /* RTActivitiesViewController.swift */,
				45BAF73453970E94E1200727 /* RTActivityPathDoneViewController.swift */,
				45BAF70584E78946E836A5AD /* RTStoreActivitiesManager.swift */,
				45BAFA7969CD4F51B9558C45 /* RTMapMarkersManager.swift */,
			);
			path = controllers;
			sourceTree = "<group>";
		};
		45BAFE536185AB5CE113720E /* Material */ = {
			isa = PBXGroup;
			children = (
				45BAF8A918FC0E09EDE8CA29 /* UI */,
			);
			path = Material;
			sourceTree = "<group>";
		};
		48E0E2D71D2EC7360036F56B = {
			isa = PBXGroup;
			children = (
				48E0E2E21D2EC7360036F56B /* RunningTracker */,
				48E0E2F71D2EC7360036F56B /* RunningTrackerTests */,
				48E0E2E11D2EC7360036F56B /* Products */,
				E679CA978652F2E555905FFE /* Pods */,
				C4662212F9EF6B1EE38B9415 /* Frameworks */,
			);
			sourceTree = "<group>";
		};
		48E0E2E11D2EC7360036F56B /* Products */ = {
			isa = PBXGroup;
			children = (
				48E0E2E01D2EC7360036F56B /* RunningTracker.app */,
				48E0E2F41D2EC7360036F56B /* RunningTrackerTests.xctest */,
			);
			name = Products;
			sourceTree = "<group>";
		};
		48E0E2E21D2EC7360036F56B /* RunningTracker */ = {
			isa = PBXGroup;
			children = (
				487BE8681D55F11000ABC1ED /* RunningTracker.entitlements */,
				48E0E2E31D2EC7360036F56B /* AppDelegate.swift */,
				48E0E2E51D2EC7360036F56B /* ViewController.swift */,
				48E0E2E71D2EC7360036F56B /* Main.storyboard */,
				48E0E2EA1D2EC7360036F56B /* Assets.xcassets */,
				48E0E2EF1D2EC7360036F56B /* Info.plist */,
				45BAFD006F4F33F9B8250D1E /* controllers */,
				45BAF66256242D52BA8F83A8 /* models */,
				45BAF5FF9E1DC19E42D24E9C /* views */,
				45BAFE536185AB5CE113720E /* Material */,
				45BAFA37A848EFBEC1405556 /* utils */,
				48FFB0011D79C46D0005906A /* LaunchScreen2.storyboard */,
			);
			path = RunningTracker;
			sourceTree = "<group>";
		};
		48E0E2F71D2EC7360036F56B /* RunningTrackerTests */ = {
			isa = PBXGroup;
			children = (
				48E0E2F81D2EC7360036F56B /* RunningTrackerTests.swift */,
				48E0E2FA1D2EC7360036F56B /* Info.plist */,
				48776CDA1D3BAA5100630A64 /* RTActivitiesModelTest.swift */,
				45BAFC31489610B135A32E38 /* RTActivityTest.swift */,
				45BAF28DA446F982A3545F62 /* RTActivityLocationTest.swift */,
				45BAFFD865067F8BF0CE76C5 /* RTStoreActivitiesManagerTest.swift */,
			);
			path = RunningTrackerTests;
			sourceTree = "<group>";
		};
		C4662212F9EF6B1EE38B9415 /* Frameworks */ = {
			isa = PBXGroup;
			children = (
				487BE8651D55F01D00ABC1ED /* CloudKit.framework */,
				3601DCAABE1D4283238AB370 /* Pods_RunningTracker.framework */,
				1315FDBE7333EC72080A4E18 /* Pods_RunningTrackerTests.framework */,
			);
			name = Frameworks;
			sourceTree = "<group>";
		};
		E679CA978652F2E555905FFE /* Pods */ = {
			isa = PBXGroup;
			children = (
				3130775CFE5E16821CEF094A /* Pods-RunningTracker.debug.xcconfig */,
				189B33394D6AEC0A54BD5BAD /* Pods-RunningTracker.release.xcconfig */,
				A086E0DB99F2A930C0AA1253 /* Pods-RunningTrackerTests.debug.xcconfig */,
				D1CB825CE456C4D9EFD8A49A /* Pods-RunningTrackerTests.release.xcconfig */,
			);
			name = Pods;
			sourceTree = "<group>";
		};
/* End PBXGroup section */

/* Begin PBXNativeTarget section */
		48E0E2DF1D2EC7360036F56B /* RunningTracker */ = {
			isa = PBXNativeTarget;
			buildConfigurationList = 48E0E2FD1D2EC7360036F56B /* Build configuration list for PBXNativeTarget "RunningTracker" */;
			buildPhases = (
				5B581C3ACB5C1068C87B02E7 /* [CP] Check Pods Manifest.lock */,
				48E0E2DC1D2EC7360036F56B /* Sources */,
				48E0E2DD1D2EC7360036F56B /* Frameworks */,
				48E0E2DE1D2EC7360036F56B /* Resources */,
				E21E8B7EB018CF81BA4C3908 /* [CP] Embed Pods Frameworks */,
				18447DC681624EA750F7E2AC /* [CP] Copy Pods Resources */,
			);
			buildRules = (
			);
			dependencies = (
			);
			name = RunningTracker;
			productName = RunningTracker;
			productReference = 48E0E2E01D2EC7360036F56B /* RunningTracker.app */;
			productType = "com.apple.product-type.application";
		};
		48E0E2F31D2EC7360036F56B /* RunningTrackerTests */ = {
			isa = PBXNativeTarget;
			buildConfigurationList = 48E0E3001D2EC7360036F56B /* Build configuration list for PBXNativeTarget "RunningTrackerTests" */;
			buildPhases = (
				8CEBCC99501D820FFB2D612C /* [CP] Check Pods Manifest.lock */,
				48E0E2F01D2EC7360036F56B /* Sources */,
				48E0E2F11D2EC7360036F56B /* Frameworks */,
				48E0E2F21D2EC7360036F56B /* Resources */,
				A4CB5CCB7D42829538EF9BEC /* [CP] Embed Pods Frameworks */,
				08C011BBF2B3D4C02F5485B9 /* [CP] Copy Pods Resources */,
			);
			buildRules = (
			);
			dependencies = (
				48E0E2F61D2EC7360036F56B /* PBXTargetDependency */,
			);
			name = RunningTrackerTests;
			productName = RunningTrackerTests;
			productReference = 48E0E2F41D2EC7360036F56B /* RunningTrackerTests.xctest */;
			productType = "com.apple.product-type.bundle.unit-test";
		};
/* End PBXNativeTarget section */

/* Begin PBXProject section */
		48E0E2D81D2EC7360036F56B /* Project object */ = {
			isa = PBXProject;
			attributes = {
				LastSwiftUpdateCheck = 0720;
				LastUpgradeCheck = 0720;
				ORGANIZATIONNAME = "MIGUEL MOLDES";
				TargetAttributes = {
					48E0E2DF1D2EC7360036F56B = {
						CreatedOnToolsVersion = 7.2;
						DevelopmentTeam = 2G24Q5X34D;
						SystemCapabilities = {
							com.apple.iCloud = {
								enabled = 1;
							};
						};
					};
					48E0E2F31D2EC7360036F56B = {
						CreatedOnToolsVersion = 7.2;
						TestTargetID = 48E0E2DF1D2EC7360036F56B;
					};
				};
			};
			buildConfigurationList = 48E0E2DB1D2EC7360036F56B /* Build configuration list for PBXProject "RunningTracker" */;
			compatibilityVersion = "Xcode 3.2";
			developmentRegion = English;
			hasScannedForEncodings = 0;
			knownRegions = (
				en,
				Base,
			);
			mainGroup = 48E0E2D71D2EC7360036F56B;
			productRefGroup = 48E0E2E11D2EC7360036F56B /* Products */;
			projectDirPath = "";
			projectRoot = "";
			targets = (
				48E0E2DF1D2EC7360036F56B /* RunningTracker */,
				48E0E2F31D2EC7360036F56B /* RunningTrackerTests */,
			);
		};
/* End PBXProject section */

/* Begin PBXResourcesBuildPhase section */
		48E0E2DE1D2EC7360036F56B /* Resources */ = {
			isa = PBXResourcesBuildPhase;
			buildActionMask = 2147483647;
			files = (
				48776CDF1D3D1DDE00630A64 /* RTActivityHeaderViewCell.xib in Resources */,
				48E0E31B1D311B390036F56B /* MyTrackerBlueSelected.png in Resources */,
				48650E8B1D6DEF36006BE423 /* OpenSans-Bold.ttf in Resources */,
				48E4C0F51D7583670086AE54 /* icon_ui_clock.png in Resources */,
				48776CDD1D3D0BF000630A64 /* RTActivityViewCell.xib in Resources */,
				48E0E3231D313D550036F56B /* GPSblack.png in Resources */,
				487BE86B1D6AF37300ABC1ED /* Flag_icon.png in Resources */,
				48FFB0041D79E7020005906A /* RTBackButtonView.xib in Resources */,
				48650E941D6DEF36006BE423 /* OpenSans-SemiboldItalic.ttf in Resources */,
				48E0E31D1D3122B20036F56B /* MyTrackerRedSelected.png in Resources */,
				48FFAFF61D75C4830005906A /* triangle.png in Resources */,
				48FFAFF51D75C4830005906A /* start_button_bg.png in Resources */,
				48E4C0FA1D7583670086AE54 /* icon_ui_button_back.png in Resources */,
				48650E8C1D6DEF36006BE423 /* OpenSans-BoldItalic.ttf in Resources */,
				48FFAFFA1D77111F0005906A /* show_activ_button_bg.png in Resources */,
				48650E901D6DEF36006BE423 /* OpenSans-Light.ttf in Resources */,
				48E4C0F41D7583670086AE54 /* icon_controls_pause.png in Resources */,
				48E0E3211D313C4E0036F56B /* GPSgrey.png in Resources */,
				48E0E2EB1D2EC7360036F56B /* Assets.xcassets in Resources */,
				48FFAFFF1D78A7EB0005906A /* distance_icon.png in Resources */,
				48E4C0F61D7583670086AE54 /* ui_bg_start_recording.png in Resources */,
				48E4C0F71D7583670086AE54 /* logo.png in Resources */,
				48FFB0001D78A7EB0005906A /* pace_icon.png in Resources */,
				48E4C0F31D7583670086AE54 /* start_button_background.png in Resources */,
				48650E931D6DEF36006BE423 /* OpenSans-Semibold.ttf in Resources */,
				48650E8E1D6DEF36006BE423 /* OpenSans-ExtraBoldItalic.ttf in Resources */,
				48650E8D1D6DEF36006BE423 /* OpenSans-ExtraBold.ttf in Resources */,
				48E4C0F91D7583670086AE54 /* icon_ui_start_recording.png in Resources */,
				48650E8F1D6DEF36006BE423 /* OpenSans-Italic.ttf in Resources */,
				48E0E3191D2ECD2B0036F56B /* MyTrackerRed.png in Resources */,
				48E4C0FC1D7583670086AE54 /* isologo.png in Resources */,
				48650E911D6DEF36006BE423 /* OpenSans-LightItalic.ttf in Resources */,
				48FFAFFC1D789F320005906A /* white_background.png in Resources */,
				48E0E3181D2ECD2B0036F56B /* MyTrackerGray.png in Resources */,
				48E4C0F81D7583670086AE54 /* icon_controls_play.png in Resources */,
				487BE86C1D6AF37300ABC1ED /* Km_icon.png in Resources */,
				48E0E3171D2ECD2B0036F56B /* MyTrackerBlue.png in Resources */,
				48E0E3201D313C4E0036F56B /* GPSgreen.png in Resources */,
				48E0E2E91D2EC7360036F56B /* Main.storyboard in Resources */,
				48FFB0021D79C46D0005906A /* LaunchScreen2.storyboard in Resources */,
				48E4C0FB1D7583670086AE54 /* icon_controls_stop.png in Resources */,
				48650E921D6DEF36006BE423 /* OpenSans-Regular.ttf in Resources */,
				48FFAFF81D770F770005906A /* empty_button.png in Resources */,
				45BAF6FD0CBB7477BB11BF56 /* background_ui.png in Resources */,
			);
			runOnlyForDeploymentPostprocessing = 0;
		};
		48E0E2F21D2EC7360036F56B /* Resources */ = {
			isa = PBXResourcesBuildPhase;
			buildActionMask = 2147483647;
			files = (
			);
			runOnlyForDeploymentPostprocessing = 0;
		};
/* End PBXResourcesBuildPhase section */

/* Begin PBXShellScriptBuildPhase section */
		08C011BBF2B3D4C02F5485B9 /* [CP] Copy Pods Resources */ = {
			isa = PBXShellScriptBuildPhase;
			buildActionMask = 2147483647;
			files = (
			);
			inputPaths = (
			);
			name = "[CP] Copy Pods Resources";
			outputPaths = (
			);
			runOnlyForDeploymentPostprocessing = 0;
			shellPath = /bin/sh;
			shellScript = "\"${SRCROOT}/Pods/Target Support Files/Pods-RunningTrackerTests/Pods-RunningTrackerTests-resources.sh\"\n";
			showEnvVarsInLog = 0;
		};
		18447DC681624EA750F7E2AC /* [CP] Copy Pods Resources */ = {
			isa = PBXShellScriptBuildPhase;
			buildActionMask = 2147483647;
			files = (
			);
			inputPaths = (
			);
			name = "[CP] Copy Pods Resources";
			outputPaths = (
			);
			runOnlyForDeploymentPostprocessing = 0;
			shellPath = /bin/sh;
			shellScript = "\"${SRCROOT}/Pods/Target Support Files/Pods-RunningTracker/Pods-RunningTracker-resources.sh\"\n";
			showEnvVarsInLog = 0;
		};
		5B581C3ACB5C1068C87B02E7 /* [CP] Check Pods Manifest.lock */ = {
			isa = PBXShellScriptBuildPhase;
			buildActionMask = 2147483647;
			files = (
			);
			inputPaths = (
			);
			name = "[CP] Check Pods Manifest.lock";
			outputPaths = (
			);
			runOnlyForDeploymentPostprocessing = 0;
			shellPath = /bin/sh;
			shellScript = "diff \"${PODS_ROOT}/../Podfile.lock\" \"${PODS_ROOT}/Manifest.lock\" > /dev/null\nif [[ $? != 0 ]] ; then\n    cat << EOM\nerror: The sandbox is not in sync with the Podfile.lock. Run 'pod install' or update your CocoaPods installation.\nEOM\n    exit 1\nfi\n";
			showEnvVarsInLog = 0;
		};
		8CEBCC99501D820FFB2D612C /* [CP] Check Pods Manifest.lock */ = {
			isa = PBXShellScriptBuildPhase;
			buildActionMask = 2147483647;
			files = (
			);
			inputPaths = (
			);
			name = "[CP] Check Pods Manifest.lock";
			outputPaths = (
			);
			runOnlyForDeploymentPostprocessing = 0;
			shellPath = /bin/sh;
			shellScript = "diff \"${PODS_ROOT}/../Podfile.lock\" \"${PODS_ROOT}/Manifest.lock\" > /dev/null\nif [[ $? != 0 ]] ; then\n    cat << EOM\nerror: The sandbox is not in sync with the Podfile.lock. Run 'pod install' or update your CocoaPods installation.\nEOM\n    exit 1\nfi\n";
			showEnvVarsInLog = 0;
		};
		A4CB5CCB7D42829538EF9BEC /* [CP] Embed Pods Frameworks */ = {
			isa = PBXShellScriptBuildPhase;
			buildActionMask = 2147483647;
			files = (
			);
			inputPaths = (
			);
			name = "[CP] Embed Pods Frameworks";
			outputPaths = (
			);
			runOnlyForDeploymentPostprocessing = 0;
			shellPath = /bin/sh;
			shellScript = "\"${SRCROOT}/Pods/Target Support Files/Pods-RunningTrackerTests/Pods-RunningTrackerTests-frameworks.sh\"\n";
			showEnvVarsInLog = 0;
		};
		E21E8B7EB018CF81BA4C3908 /* [CP] Embed Pods Frameworks */ = {
			isa = PBXShellScriptBuildPhase;
			buildActionMask = 2147483647;
			files = (
			);
			inputPaths = (
			);
			name = "[CP] Embed Pods Frameworks";
			outputPaths = (
			);
			runOnlyForDeploymentPostprocessing = 0;
			shellPath = /bin/sh;
			shellScript = "\"${SRCROOT}/Pods/Target Support Files/Pods-RunningTracker/Pods-RunningTracker-frameworks.sh\"\n";
			showEnvVarsInLog = 0;
		};
/* End PBXShellScriptBuildPhase section */

/* Begin PBXSourcesBuildPhase section */
		48E0E2DC1D2EC7360036F56B /* Sources */ = {
			isa = PBXSourcesBuildPhase;
			buildActionMask = 2147483647;
			files = (
				48E0E2E61D2EC7360036F56B /* ViewController.swift in Sources */,
				48E0E2E41D2EC7360036F56B /* AppDelegate.swift in Sources */,
				45BAF2C92150C8AE7A10892A /* RTInitialViewController.swift in Sources */,
				45BAF35FF38665A31336D7CA /* RTActiveMapViewController.swift in Sources */,
				45BAFA63A080F2D499536142 /* RTActivitiesModel.swift in Sources */,
				45BAF98FED4665549212C685 /* RTActivityLocation.swift in Sources */,
				45BAF0DE930DFEAD5E238D9E /* RTActivity.swift in Sources */,
				45BAF798A150E21E22FCA8C0 /* RTNumbersExtensions.swift in Sources */,
				45BAFC1E17D04D6F678D3556 /* RTActivitiesViewController.swift in Sources */,
				45BAF3F97EBCED19E1E145A3 /* RTGlobalModels.swift in Sources */,
				45BAF3AA3B5EDB612DB6646C /* RTActivityViewCell.swift in Sources */,
				45BAF5FD1744B99E592A7E06 /* RTActivityHeaderViewCell.swift in Sources */,
				45BAFA89DE5B959EF495628A /* RTDateFormatterExtensions.swift in Sources */,
				45BAF93B4E2030994CF73146 /* CachedDateFormatter.swift in Sources */,
				45BAF88F47593901FEED1DE0 /* RTActivityPathDoneViewController.swift in Sources */,
				45BAF62B7E5F040F28EAEB33 /* RTStoreActivitiesManager.swift in Sources */,
				45BAFB4954F5FC35FE3BDF03 /* RTUIImageExtensions.swift in Sources */,
				45BAF2C2EB8DEBE5CC1BF1F8 /* RTMapMarkersManager.swift in Sources */,
				45BAF247BEB2664C5D1A7112 /* RTBackButtonView.swift in Sources */,
			);
			runOnlyForDeploymentPostprocessing = 0;
		};
		48E0E2F01D2EC7360036F56B /* Sources */ = {
			isa = PBXSourcesBuildPhase;
			buildActionMask = 2147483647;
			files = (
				48776CDB1D3BAA5100630A64 /* RTActivitiesModelTest.swift in Sources */,
				48E0E2F91D2EC7360036F56B /* RunningTrackerTests.swift in Sources */,
				45BAF25DD41B74D53B77D2A5 /* RTActivityTest.swift in Sources */,
				45BAFDB74A04267B17CF9E29 /* RTActivityLocationTest.swift in Sources */,
				45BAF3121985B64F8A7CBC3E /* RTStoreActivitiesManagerTest.swift in Sources */,
			);
			runOnlyForDeploymentPostprocessing = 0;
		};
/* End PBXSourcesBuildPhase section */

/* Begin PBXTargetDependency section */
		48E0E2F61D2EC7360036F56B /* PBXTargetDependency */ = {
			isa = PBXTargetDependency;
			target = 48E0E2DF1D2EC7360036F56B /* RunningTracker */;
			targetProxy = 48E0E2F51D2EC7360036F56B /* PBXContainerItemProxy */;
		};
/* End PBXTargetDependency section */

/* Begin PBXVariantGroup section */
		48E0E2E71D2EC7360036F56B /* Main.storyboard */ = {
			isa = PBXVariantGroup;
			children = (
				48E0E2E81D2EC7360036F56B /* Base */,
			);
			name = Main.storyboard;
			sourceTree = "<group>";
		};
/* End PBXVariantGroup section */

/* Begin XCBuildConfiguration section */
		48E0E2FB1D2EC7360036F56B /* Debug */ = {
			isa = XCBuildConfiguration;
			buildSettings = {
				ALWAYS_SEARCH_USER_PATHS = NO;
				CLANG_CXX_LANGUAGE_STANDARD = "gnu++0x";
				CLANG_CXX_LIBRARY = "libc++";
				CLANG_ENABLE_MODULES = YES;
				CLANG_ENABLE_OBJC_ARC = YES;
				CLANG_WARN_BOOL_CONVERSION = YES;
				CLANG_WARN_CONSTANT_CONVERSION = YES;
				CLANG_WARN_DIRECT_OBJC_ISA_USAGE = YES_ERROR;
				CLANG_WARN_EMPTY_BODY = YES;
				CLANG_WARN_ENUM_CONVERSION = YES;
				CLANG_WARN_INT_CONVERSION = YES;
				CLANG_WARN_OBJC_ROOT_CLASS = YES_ERROR;
				CLANG_WARN_UNREACHABLE_CODE = YES;
				CLANG_WARN__DUPLICATE_METHOD_MATCH = YES;
				"CODE_SIGN_IDENTITY[sdk=iphoneos*]" = "iPhone Developer";
				COPY_PHASE_STRIP = NO;
				DEBUG_INFORMATION_FORMAT = dwarf;
				ENABLE_STRICT_OBJC_MSGSEND = YES;
				ENABLE_TESTABILITY = YES;
				GCC_C_LANGUAGE_STANDARD = gnu99;
				GCC_DYNAMIC_NO_PIC = NO;
				GCC_NO_COMMON_BLOCKS = YES;
				GCC_OPTIMIZATION_LEVEL = 0;
				GCC_PREPROCESSOR_DEFINITIONS = (
					"DEBUG=1",
					"$(inherited)",
				);
				GCC_WARN_64_TO_32_BIT_CONVERSION = YES;
				GCC_WARN_ABOUT_RETURN_TYPE = YES_ERROR;
				GCC_WARN_UNDECLARED_SELECTOR = YES;
				GCC_WARN_UNINITIALIZED_AUTOS = YES_AGGRESSIVE;
				GCC_WARN_UNUSED_FUNCTION = YES;
				GCC_WARN_UNUSED_VARIABLE = YES;
				IPHONEOS_DEPLOYMENT_TARGET = 9.2;
				MTL_ENABLE_DEBUG_INFO = YES;
				ONLY_ACTIVE_ARCH = YES;
				OTHER_SWIFT_FLAGS = "-DDEBUG";
				SDKROOT = iphoneos;
				SWIFT_OPTIMIZATION_LEVEL = "-Onone";
			};
			name = Debug;
		};
		48E0E2FC1D2EC7360036F56B /* Release */ = {
			isa = XCBuildConfiguration;
			buildSettings = {
				ALWAYS_SEARCH_USER_PATHS = NO;
				CLANG_CXX_LANGUAGE_STANDARD = "gnu++0x";
				CLANG_CXX_LIBRARY = "libc++";
				CLANG_ENABLE_MODULES = YES;
				CLANG_ENABLE_OBJC_ARC = YES;
				CLANG_WARN_BOOL_CONVERSION = YES;
				CLANG_WARN_CONSTANT_CONVERSION = YES;
				CLANG_WARN_DIRECT_OBJC_ISA_USAGE = YES_ERROR;
				CLANG_WARN_EMPTY_BODY = YES;
				CLANG_WARN_ENUM_CONVERSION = YES;
				CLANG_WARN_INT_CONVERSION = YES;
				CLANG_WARN_OBJC_ROOT_CLASS = YES_ERROR;
				CLANG_WARN_UNREACHABLE_CODE = YES;
				CLANG_WARN__DUPLICATE_METHOD_MATCH = YES;
				"CODE_SIGN_IDENTITY[sdk=iphoneos*]" = "iPhone Developer";
				COPY_PHASE_STRIP = NO;
				DEBUG_INFORMATION_FORMAT = "dwarf-with-dsym";
				ENABLE_NS_ASSERTIONS = NO;
				ENABLE_STRICT_OBJC_MSGSEND = YES;
				GCC_C_LANGUAGE_STANDARD = gnu99;
				GCC_NO_COMMON_BLOCKS = YES;
				GCC_WARN_64_TO_32_BIT_CONVERSION = YES;
				GCC_WARN_ABOUT_RETURN_TYPE = YES_ERROR;
				GCC_WARN_UNDECLARED_SELECTOR = YES;
				GCC_WARN_UNINITIALIZED_AUTOS = YES_AGGRESSIVE;
				GCC_WARN_UNUSED_FUNCTION = YES;
				GCC_WARN_UNUSED_VARIABLE = YES;
				IPHONEOS_DEPLOYMENT_TARGET = 9.2;
				MTL_ENABLE_DEBUG_INFO = NO;
				SDKROOT = iphoneos;
				VALIDATE_PRODUCT = YES;
			};
			name = Release;
		};
		48E0E2FE1D2EC7360036F56B /* Debug */ = {
			isa = XCBuildConfiguration;
			baseConfigurationReference = 3130775CFE5E16821CEF094A /* Pods-RunningTracker.debug.xcconfig */;
			buildSettings = {
				ASSETCATALOG_COMPILER_APPICON_NAME = "AppIcon-1";
				CODE_SIGN_ENTITLEMENTS = RunningTracker/RunningTracker.entitlements;
				CODE_SIGN_IDENTITY = "iPhone Developer: JOSE MOLDES (79RZ4K8975)";
				"CODE_SIGN_IDENTITY[sdk=iphoneos*]" = "iPhone Developer: JOSE MOLDES (79RZ4K8975)";
				EMBEDDED_CONTENT_CONTAINS_SWIFT = NO;
				INFOPLIST_FILE = RunningTracker/Info.plist;
				LD_RUNPATH_SEARCH_PATHS = "$(inherited) @executable_path/Frameworks";
				OTHER_SWIFT_FLAGS = "-DDEBUG";
				PRODUCT_BUNDLE_IDENTIFIER = com.runningtracker.dev;
				PRODUCT_NAME = "$(TARGET_NAME)";
				PROVISIONING_PROFILE = "";
				TARGETED_DEVICE_FAMILY = 1;
			};
			name = Debug;
		};
		48E0E2FF1D2EC7360036F56B /* Release */ = {
			isa = XCBuildConfiguration;
			baseConfigurationReference = 189B33394D6AEC0A54BD5BAD /* Pods-RunningTracker.release.xcconfig */;
			buildSettings = {
				ASSETCATALOG_COMPILER_APPICON_NAME = "AppIcon-1";
				CODE_SIGN_ENTITLEMENTS = RunningTracker/RunningTracker.entitlements;
				CODE_SIGN_IDENTITY = "iPhone Distribution: JOSE MOLDES (2G24Q5X34D)";
				"CODE_SIGN_IDENTITY[sdk=iphoneos*]" = "iPhone Distribution: JOSE MOLDES (2G24Q5X34D)";
				EMBEDDED_CONTENT_CONTAINS_SWIFT = NO;
				INFOPLIST_FILE = RunningTracker/Info.plist;
				LD_RUNPATH_SEARCH_PATHS = "$(inherited) @executable_path/Frameworks";
				PRODUCT_BUNDLE_IDENTIFIER = com.runningtracker.dev;
				PRODUCT_NAME = "$(TARGET_NAME)";
				PROVISIONING_PROFILE = "";
				SWIFT_OBJC_INTERFACE_HEADER_NAME = "$(SWIFT_MODULE_NAME)-Swift.h";
				TARGETED_DEVICE_FAMILY = 1;
			};
			name = Release;
		};
		48E0E3011D2EC7360036F56B /* Debug */ = {
			isa = XCBuildConfiguration;
			baseConfigurationReference = A086E0DB99F2A930C0AA1253 /* Pods-RunningTrackerTests.debug.xcconfig */;
			buildSettings = {
				BUNDLE_LOADER = "$(TEST_HOST)";
				INFOPLIST_FILE = RunningTrackerTests/Info.plist;
				LD_RUNPATH_SEARCH_PATHS = "$(inherited) @executable_path/Frameworks @loader_path/Frameworks";
				OTHER_SWIFT_FLAGS = "-DDEBUG";
				PRODUCT_BUNDLE_IDENTIFIER = JMM.RunningTrackerTests;
				PRODUCT_NAME = "$(TARGET_NAME)";
				TEST_HOST = "$(BUILT_PRODUCTS_DIR)/RunningTracker.app/RunningTracker";
			};
			name = Debug;
		};
		48E0E3021D2EC7360036F56B /* Release */ = {
			isa = XCBuildConfiguration;
			baseConfigurationReference = D1CB825CE456C4D9EFD8A49A /* Pods-RunningTrackerTests.release.xcconfig */;
			buildSettings = {
				BUNDLE_LOADER = "$(TEST_HOST)";
				INFOPLIST_FILE = RunningTrackerTests/Info.plist;
				LD_RUNPATH_SEARCH_PATHS = "$(inherited) @executable_path/Frameworks @loader_path/Frameworks";
				PRODUCT_BUNDLE_IDENTIFIER = JMM.RunningTrackerTests;
				PRODUCT_NAME = "$(TARGET_NAME)";
				TEST_HOST = "$(BUILT_PRODUCTS_DIR)/RunningTracker.app/RunningTracker";
			};
			name = Release;
		};
/* End XCBuildConfiguration section */

/* Begin XCConfigurationList section */
		48E0E2DB1D2EC7360036F56B /* Build configuration list for PBXProject "RunningTracker" */ = {
			isa = XCConfigurationList;
			buildConfigurations = (
				48E0E2FB1D2EC7360036F56B /* Debug */,
				48E0E2FC1D2EC7360036F56B /* Release */,
			);
			defaultConfigurationIsVisible = 0;
			defaultConfigurationName = Release;
		};
		48E0E2FD1D2EC7360036F56B /* Build configuration list for PBXNativeTarget "RunningTracker" */ = {
			isa = XCConfigurationList;
			buildConfigurations = (
				48E0E2FE1D2EC7360036F56B /* Debug */,
				48E0E2FF1D2EC7360036F56B /* Release */,
			);
			defaultConfigurationIsVisible = 0;
			defaultConfigurationName = Release;
		};
		48E0E3001D2EC7360036F56B /* Build configuration list for PBXNativeTarget "RunningTrackerTests" */ = {
			isa = XCConfigurationList;
			buildConfigurations = (
				48E0E3011D2EC7360036F56B /* Debug */,
				48E0E3021D2EC7360036F56B /* Release */,
			);
			defaultConfigurationIsVisible = 0;
			defaultConfigurationName = Release;
		};
/* End XCConfigurationList section */
	};
	rootObject = 48E0E2D81D2EC7360036F56B /* Project object */;
}
